
Microsoft Visual Studio Solution File, Format Version 12.00
# Visual Studio Version 17
VisualStudioVersion = 17.10.35013.160
MinimumVisualStudioVersion = 10.0.40219.1
Project("{FAE04EC0-301F-11D3-BF4B-00C04F79EFBC}") = "AppProduk", "AppProduk\AppProduk.csproj", "{FA3F3063-2457-4623-8FD2-FC9B47BFE598}"
EndProject
Global
	GlobalSection(SolutionConfigurationPlatforms) = preSolution
		Debug|Any CPU = Debug|Any CPU
		Release|Any CPU = Release|Any CPU
	EndGlobalSection
	GlobalSection(ProjectConfigurationPlatforms) = postSolution
		{FA3F3063-2457-4623-8FD2-FC9B47BFE598}.Debug|Any CPU.ActiveCfg = Debug|Any CPU
		{FA3F3063-2457-4623-8FD2-FC9B47BFE598}.Debug|Any CPU.Build.0 = Debug|Any CPU
		{FA3F3063-2457-4623-8FD2-FC9B47BFE598}.Release|Any CPU.ActiveCfg = Release|Any CPU
		{FA3F3063-2457-4623-8FD2-FC9B47BFE598}.Release|Any CPU.Build.0 = Release|Any CPU
	EndGlobalSection
	GlobalSection(SolutionProperties) = preSolution
		HideSolutionNode = FALSE
	EndGlobalSection
	GlobalSection(ExtensibilityGlobals) = postSolution
		SolutionGuid = {30B94AA8-E512-4BEE-9DBD-B3F9FD3041A3}
	EndGlobalSection
EndGlobal
